
Microsoft Visual Studio Solution File, Format Version 12.00
# Visual Studio Version 17
VisualStudioVersion = 17.6.33829.357
MinimumVisualStudioVersion = 10.0.40219.1
Project("{FAE04EC0-301F-11D3-BF4B-00C04F79EFBC}") = "CardTextGame", "CardTextGame\CardTextGame.csproj", "{10696C96-B66F-4DC3-B720-130307612E33}"
EndProject
Global
	GlobalSection(SolutionConfigurationPlatforms) = preSolution
		Debug|Any CPU = Debug|Any CPU
		Release|Any CPU = Release|Any CPU
	EndGlobalSection
	GlobalSection(ProjectConfigurationPlatforms) = postSolution
		{10696C96-B66F-4DC3-B720-130307612E33}.Debug|Any CPU.ActiveCfg = Debug|Any CPU
		{10696C96-B66F-4DC3-B720-130307612E33}.Debug|Any CPU.Build.0 = Debug|Any CPU
		{10696C96-B66F-4DC3-B720-130307612E33}.Release|Any CPU.ActiveCfg = Release|Any CPU
		{10696C96-B66F-4DC3-B720-130307612E33}.Release|Any CPU.Build.0 = Release|Any CPU
	EndGlobalSection
	GlobalSection(SolutionProperties) = preSolution
		HideSolutionNode = FALSE
	EndGlobalSection
	GlobalSection(ExtensibilityGlobals) = postSolution
		SolutionGuid = {B8B2C433-8F24-4E32-8625-A2186CFD0101}
	EndGlobalSection
EndGlobal
