
Microsoft Visual Studio Solution File, Format Version 12.00
# Visual Studio Version 16
VisualStudioVersion = 16.0.31727.386
MinimumVisualStudioVersion = 10.0.40219.1
Project("{FAE04EC0-301F-11D3-BF4B-00C04F79EFBC}") = "IntroduceMySelf", "IntroduceMySelf.csproj", "{E454587F-E668-498D-871D-643934EF8F18}"
EndProject
Global
	GlobalSection(SolutionConfigurationPlatforms) = preSolution
		Debug|Any CPU = Debug|Any CPU
		Release|Any CPU = Release|Any CPU
	EndGlobalSection
	GlobalSection(ProjectConfigurationPlatforms) = postSolution
		{E454587F-E668-498D-871D-643934EF8F18}.Debug|Any CPU.ActiveCfg = Debug|Any CPU
		{E454587F-E668-498D-871D-643934EF8F18}.Debug|Any CPU.Build.0 = Debug|Any CPU
		{E454587F-E668-498D-871D-643934EF8F18}.Release|Any CPU.ActiveCfg = Release|Any CPU
		{E454587F-E668-498D-871D-643934EF8F18}.Release|Any CPU.Build.0 = Release|Any CPU
	EndGlobalSection
	GlobalSection(SolutionProperties) = preSolution
		HideSolutionNode = FALSE
	EndGlobalSection
	GlobalSection(ExtensibilityGlobals) = postSolution
		SolutionGuid = {89038500-59E8-41D6-8E0A-1080EECFA635}
	EndGlobalSection
EndGlobal
