
Microsoft Visual Studio Solution File, Format Version 12.00
# Visual Studio Version 17
VisualStudioVersion = 17.6.33829.357
MinimumVisualStudioVersion = 10.0.40219.1
Project("{FAE04EC0-301F-11D3-BF4B-00C04F79EFBC}") = "WeekThird", "WeekThird\WeekThird.csproj", "{2521B306-9843-4456-9F63-761FB3048E1F}"
EndProject
Global
	GlobalSection(SolutionConfigurationPlatforms) = preSolution
		Debug|Any CPU = Debug|Any CPU
		Release|Any CPU = Release|Any CPU
	EndGlobalSection
	GlobalSection(ProjectConfigurationPlatforms) = postSolution
		{2521B306-9843-4456-9F63-761FB3048E1F}.Debug|Any CPU.ActiveCfg = Debug|Any CPU
		{2521B306-9843-4456-9F63-761FB3048E1F}.Debug|Any CPU.Build.0 = Debug|Any CPU
		{2521B306-9843-4456-9F63-761FB3048E1F}.Release|Any CPU.ActiveCfg = Release|Any CPU
		{2521B306-9843-4456-9F63-761FB3048E1F}.Release|Any CPU.Build.0 = Release|Any CPU
	EndGlobalSection
	GlobalSection(SolutionProperties) = preSolution
		HideSolutionNode = FALSE
	EndGlobalSection
	GlobalSection(ExtensibilityGlobals) = postSolution
		SolutionGuid = {7437867A-4332-4D24-8910-2AB3E9DC0340}
	EndGlobalSection
EndGlobal
